
Microsoft Visual Studio Solution File, Format Version 12.00
# Visual Studio Version 17
Project("{8BC9CEB8-8B4A-11D0-8D11-00A0C91BC942}") = "ALL_BUILD", "ALL_BUILD.vcxproj", "{EFEB18D2-DB0A-3FCD-9905-6035EB261176}"
	ProjectSection(ProjectDependencies) = postProject
		{D5389D83-7580-34E3-93A7-E1E08C3D8FE4} = {D5389D83-7580-34E3-93A7-E1E08C3D8FE4}
		{3929C934-93F2-3F7E-B7C8-24C791E8F909} = {3929C934-93F2-3F7E-B7C8-24C791E8F909}
		{B0933992-23D8-3624-8394-FE75AD87B2C6} = {B0933992-23D8-3624-8394-FE75AD87B2C6}
		{0E07FEFD-0E37-399F-8D90-843F079CFA96} = {0E07FEFD-0E37-399F-8D90-843F079CFA96}
	EndProjectSection
EndProject
Project("{8BC9CEB8-8B4A-11D0-8D11-00A0C91BC942}") = "INSTALL", "INSTALL.vcxproj", "{1724FF43-F9AD-337C-A840-4935C3B1AD55}"
	ProjectSection(ProjectDependencies) = postProject
		{EFEB18D2-DB0A-3FCD-9905-6035EB261176} = {EFEB18D2-DB0A-3FCD-9905-6035EB261176}
		{D5389D83-7580-34E3-93A7-E1E08C3D8FE4} = {D5389D83-7580-34E3-93A7-E1E08C3D8FE4}
	EndProjectSection
EndProject
Project("{8BC9CEB8-8B4A-11D0-8D11-00A0C91BC942}") = "ZERO_CHECK", "ZERO_CHECK.vcxproj", "{D5389D83-7580-34E3-93A7-E1E08C3D8FE4}"
	ProjectSection(ProjectDependencies) = postProject
	EndProjectSection
EndProject
Project("{8BC9CEB8-8B4A-11D0-8D11-00A0C91BC942}") = "flutter_assemble", "flutter\flutter_assemble.vcxproj", "{BC1810A3-CD83-3F6C-8653-B8CA2FF20EFC}"
	ProjectSection(ProjectDependencies) = postProject
		{D5389D83-7580-34E3-93A7-E1E08C3D8FE4} = {D5389D83-7580-34E3-93A7-E1E08C3D8FE4}
	EndProjectSection
EndProject
Project("{8BC9CEB8-8B4A-11D0-8D11-00A0C91BC942}") = "flutter_wrapper_app", "flutter\flutter_wrapper_app.vcxproj", "{3929C934-93F2-3F7E-B7C8-24C791E8F909}"
	ProjectSection(ProjectDependencies) = postProject
		{D5389D83-7580-34E3-93A7-E1E08C3D8FE4} = {D5389D83-7580-34E3-93A7-E1E08C3D8FE4}
		{BC1810A3-CD83-3F6C-8653-B8CA2FF20EFC} = {BC1810A3-CD83-3F6C-8653-B8CA2FF20EFC}
	EndProjectSection
EndProject
Project("{8BC9CEB8-8B4A-11D0-8D11-00A0C91BC942}") = "flutter_wrapper_plugin", "flutter\flutter_wrapper_plugin.vcxproj", "{B0933992-23D8-3624-8394-FE75AD87B2C6}"
	ProjectSection(ProjectDependencies) = postProject
		{D5389D83-7580-34E3-93A7-E1E08C3D8FE4} = {D5389D83-7580-34E3-93A7-E1E08C3D8FE4}
		{BC1810A3-CD83-3F6C-8653-B8CA2FF20EFC} = {BC1810A3-CD83-3F6C-8653-B8CA2FF20EFC}
	EndProjectSection
EndProject
Project("{8BC9CEB8-8B4A-11D0-8D11-00A0C91BC942}") = "win", "runner\win.vcxproj", "{0E07FEFD-0E37-399F-8D90-843F079CFA96}"
	ProjectSection(ProjectDependencies) = postProject
		{D5389D83-7580-34E3-93A7-E1E08C3D8FE4} = {D5389D83-7580-34E3-93A7-E1E08C3D8FE4}
		{BC1810A3-CD83-3F6C-8653-B8CA2FF20EFC} = {BC1810A3-CD83-3F6C-8653-B8CA2FF20EFC}
		{3929C934-93F2-3F7E-B7C8-24C791E8F909} = {3929C934-93F2-3F7E-B7C8-24C791E8F909}
	EndProjectSection
EndProject
Global
	GlobalSection(SolutionConfigurationPlatforms) = preSolution
		Debug|x64 = Debug|x64
		Profile|x64 = Profile|x64
		Release|x64 = Release|x64
	EndGlobalSection
	GlobalSection(ProjectConfigurationPlatforms) = postSolution
		{EFEB18D2-DB0A-3FCD-9905-6035EB261176}.Debug|x64.ActiveCfg = Debug|x64
		{EFEB18D2-DB0A-3FCD-9905-6035EB261176}.Debug|x64.Build.0 = Debug|x64
		{EFEB18D2-DB0A-3FCD-9905-6035EB261176}.Profile|x64.ActiveCfg = Profile|x64
		{EFEB18D2-DB0A-3FCD-9905-6035EB261176}.Profile|x64.Build.0 = Profile|x64
		{EFEB18D2-DB0A-3FCD-9905-6035EB261176}.Release|x64.ActiveCfg = Release|x64
		{EFEB18D2-DB0A-3FCD-9905-6035EB261176}.Release|x64.Build.0 = Release|x64
		{1724FF43-F9AD-337C-A840-4935C3B1AD55}.Debug|x64.ActiveCfg = Debug|x64
		{1724FF43-F9AD-337C-A840-4935C3B1AD55}.Debug|x64.Build.0 = Debug|x64
		{1724FF43-F9AD-337C-A840-4935C3B1AD55}.Profile|x64.ActiveCfg = Profile|x64
		{1724FF43-F9AD-337C-A840-4935C3B1AD55}.Profile|x64.Build.0 = Profile|x64
		{1724FF43-F9AD-337C-A840-4935C3B1AD55}.Release|x64.ActiveCfg = Release|x64
		{1724FF43-F9AD-337C-A840-4935C3B1AD55}.Release|x64.Build.0 = Release|x64
		{D5389D83-7580-34E3-93A7-E1E08C3D8FE4}.Debug|x64.ActiveCfg = Debug|x64
		{D5389D83-7580-34E3-93A7-E1E08C3D8FE4}.Debug|x64.Build.0 = Debug|x64
		{D5389D83-7580-34E3-93A7-E1E08C3D8FE4}.Profile|x64.ActiveCfg = Profile|x64
		{D5389D83-7580-34E3-93A7-E1E08C3D8FE4}.Profile|x64.Build.0 = Profile|x64
		{D5389D83-7580-34E3-93A7-E1E08C3D8FE4}.Release|x64.ActiveCfg = Release|x64
		{D5389D83-7580-34E3-93A7-E1E08C3D8FE4}.Release|x64.Build.0 = Release|x64
		{BC1810A3-CD83-3F6C-8653-B8CA2FF20EFC}.Debug|x64.ActiveCfg = Debug|x64
		{BC1810A3-CD83-3F6C-8653-B8CA2FF20EFC}.Debug|x64.Build.0 = Debug|x64
		{BC1810A3-CD83-3F6C-8653-B8CA2FF20EFC}.Profile|x64.ActiveCfg = Profile|x64
		{BC1810A3-CD83-3F6C-8653-B8CA2FF20EFC}.Profile|x64.Build.0 = Profile|x64
		{BC1810A3-CD83-3F6C-8653-B8CA2FF20EFC}.Release|x64.ActiveCfg = Release|x64
		{BC1810A3-CD83-3F6C-8653-B8CA2FF20EFC}.Release|x64.Build.0 = Release|x64
		{3929C934-93F2-3F7E-B7C8-24C791E8F909}.Debug|x64.ActiveCfg = Debug|x64
		{3929C934-93F2-3F7E-B7C8-24C791E8F909}.Debug|x64.Build.0 = Debug|x64
		{3929C934-93F2-3F7E-B7C8-24C791E8F909}.Profile|x64.ActiveCfg = Profile|x64
		{3929C934-93F2-3F7E-B7C8-24C791E8F909}.Profile|x64.Build.0 = Profile|x64
		{3929C934-93F2-3F7E-B7C8-24C791E8F909}.Release|x64.ActiveCfg = Release|x64
		{3929C934-93F2-3F7E-B7C8-24C791E8F909}.Release|x64.Build.0 = Release|x64
		{B0933992-23D8-3624-8394-FE75AD87B2C6}.Debug|x64.ActiveCfg = Debug|x64
		{B0933992-23D8-3624-8394-FE75AD87B2C6}.Debug|x64.Build.0 = Debug|x64
		{B0933992-23D8-3624-8394-FE75AD87B2C6}.Profile|x64.ActiveCfg = Profile|x64
		{B0933992-23D8-3624-8394-FE75AD87B2C6}.Profile|x64.Build.0 = Profile|x64
		{B0933992-23D8-3624-8394-FE75AD87B2C6}.Release|x64.ActiveCfg = Release|x64
		{B0933992-23D8-3624-8394-FE75AD87B2C6}.Release|x64.Build.0 = Release|x64
		{0E07FEFD-0E37-399F-8D90-843F079CFA96}.Debug|x64.ActiveCfg = Debug|x64
		{0E07FEFD-0E37-399F-8D90-843F079CFA96}.Debug|x64.Build.0 = Debug|x64
		{0E07FEFD-0E37-399F-8D90-843F079CFA96}.Profile|x64.ActiveCfg = Profile|x64
		{0E07FEFD-0E37-399F-8D90-843F079CFA96}.Profile|x64.Build.0 = Profile|x64
		{0E07FEFD-0E37-399F-8D90-843F079CFA96}.Release|x64.ActiveCfg = Release|x64
		{0E07FEFD-0E37-399F-8D90-843F079CFA96}.Release|x64.Build.0 = Release|x64
	EndGlobalSection
	GlobalSection(ExtensibilityGlobals) = postSolution
		SolutionGuid = {9FC02B14-3B94-3D8D-A8CA-3587FF065A90}
	EndGlobalSection
	GlobalSection(ExtensibilityAddIns) = postSolution
	EndGlobalSection
EndGlobal
